// !$*UTF8*$!
{
	archiveVersion = 1;
	classes = {
	};
	objectVersion = 46;
	objects = {

/* Begin PBXBuildFile section */
		DD2529901D4C55370084256A /* FlickrClient.swift in Sources */ = {isa = PBXBuildFile; fileRef = DD25298F1D4C55370084256A /* FlickrClient.swift */; };
		DD2529921D4C564A0084256A /* Constants.swift in Sources */ = {isa = PBXBuildFile; fileRef = DD2529911D4C564A0084256A /* Constants.swift */; };
		DD494F361D4C7586002D618C /* FlickrConvinience.swift in Sources */ = {isa = PBXBuildFile; fileRef = DD494F351D4C7586002D618C /* FlickrConvinience.swift */; };
		DD5CFD8A1D49B47C000FCDC4 /* AppDelegate.swift in Sources */ = {isa = PBXBuildFile; fileRef = DD5CFD891D49B47C000FCDC4 /* AppDelegate.swift */; };
		DD5CFD8F1D49B47C000FCDC4 /* Main.storyboard in Resources */ = {isa = PBXBuildFile; fileRef = DD5CFD8D1D49B47C000FCDC4 /* Main.storyboard */; };
		DD5CFD911D49B47C000FCDC4 /* Assets.xcassets in Resources */ = {isa = PBXBuildFile; fileRef = DD5CFD901D49B47C000FCDC4 /* Assets.xcassets */; };
		DD5CFD941D49B47C000FCDC4 /* LaunchScreen.storyboard in Resources */ = {isa = PBXBuildFile; fileRef = DD5CFD921D49B47C000FCDC4 /* LaunchScreen.storyboard */; };
		DD5CFD9F1D49B47C000FCDC4 /* Virtual_TouristTests.swift in Sources */ = {isa = PBXBuildFile; fileRef = DD5CFD9E1D49B47C000FCDC4 /* Virtual_TouristTests.swift */; };
		DD5CFDAA1D49B47C000FCDC4 /* Virtual_TouristUITests.swift in Sources */ = {isa = PBXBuildFile; fileRef = DD5CFDA91D49B47C000FCDC4 /* Virtual_TouristUITests.swift */; };
		DD5CFDB81D49B686000FCDC4 /* PinLocationViewController.swift in Sources */ = {isa = PBXBuildFile; fileRef = DD5CFDB71D49B686000FCDC4 /* PinLocationViewController.swift */; };
		DD5CFDBA1D49BB3F000FCDC4 /* PhotoCollectionViewController.swift in Sources */ = {isa = PBXBuildFile; fileRef = DD5CFDB91D49BB3F000FCDC4 /* PhotoCollectionViewController.swift */; };
		DD5CFDC21D49BF3B000FCDC4 /* VirtualTourist.xcdatamodeld in Sources */ = {isa = PBXBuildFile; fileRef = DD5CFDC01D49BF3B000FCDC4 /* VirtualTourist.xcdatamodeld */; };
		DD5CFDC71D49C18A000FCDC4 /* Photo+CoreDataProperties.swift in Sources */ = {isa = PBXBuildFile; fileRef = DD5CFDC31D49C18A000FCDC4 /* Photo+CoreDataProperties.swift */; };
		DD5CFDC81D49C18A000FCDC4 /* Photo.swift in Sources */ = {isa = PBXBuildFile; fileRef = DD5CFDC41D49C18A000FCDC4 /* Photo.swift */; };
		DD5CFDC91D49C18A000FCDC4 /* Pin+CoreDataProperties.swift in Sources */ = {isa = PBXBuildFile; fileRef = DD5CFDC51D49C18A000FCDC4 /* Pin+CoreDataProperties.swift */; };
		DD5CFDCA1D49C18A000FCDC4 /* Pin.swift in Sources */ = {isa = PBXBuildFile; fileRef = DD5CFDC61D49C18A000FCDC4 /* Pin.swift */; };
		DD5CFDCC1D49C4A3000FCDC4 /* CoreDataStack.swift in Sources */ = {isa = PBXBuildFile; fileRef = DD5CFDCB1D49C4A3000FCDC4 /* CoreDataStack.swift */; };
		DD6205BE1D4F15D000CE410C /* PhotoCollectionViewCell.swift in Sources */ = {isa = PBXBuildFile; fileRef = DD6205BD1D4F15CF00CE410C /* PhotoCollectionViewCell.swift */; };
		DDE01FD31D5708B200B124E8 /* AlertView.swift in Sources */ = {isa = PBXBuildFile; fileRef = DDE01FD21D5708B200B124E8 /* AlertView.swift */; };
/* End PBXBuildFile section */

/* Begin PBXContainerItemProxy section */
		DD5CFD9B1D49B47C000FCDC4 /* PBXContainerItemProxy */ = {
			isa = PBXContainerItemProxy;
			containerPortal = DD5CFD7E1D49B47B000FCDC4 /* Project object */;
			proxyType = 1;
			remoteGlobalIDString = DD5CFD851D49B47C000FCDC4;
			remoteInfo = "Virtual Tourist";
		};
		DD5CFDA61D49B47C000FCDC4 /* PBXContainerItemProxy */ = {
			isa = PBXContainerItemProxy;
			containerPortal = DD5CFD7E1D49B47B000FCDC4 /* Project object */;
			proxyType = 1;
			remoteGlobalIDString = DD5CFD851D49B47C000FCDC4;
			remoteInfo = "Virtual Tourist";
		};
/* End PBXContainerItemProxy section */

/* Begin PBXFileReference section */
		DD25298F1D4C55370084256A /* FlickrClient.swift */ = {isa = PBXFileReference; fileEncoding = 4; lastKnownFileType = sourcecode.swift; path = FlickrClient.swift; sourceTree = "<group>"; };
		DD2529911D4C564A0084256A /* Constants.swift */ = {isa = PBXFileReference; fileEncoding = 4; lastKnownFileType = sourcecode.swift; path = Constants.swift; sourceTree = "<group>"; };
		DD494F351D4C7586002D618C /* FlickrConvinience.swift */ = {isa = PBXFileReference; fileEncoding = 4; lastKnownFileType = sourcecode.swift; path = FlickrConvinience.swift; sourceTree = "<group>"; };
		DD5CFD861D49B47C000FCDC4 /* Virtual Tourist.app */ = {isa = PBXFileReference; explicitFileType = wrapper.application; includeInIndex = 0; path = "Virtual Tourist.app"; sourceTree = BUILT_PRODUCTS_DIR; };
		DD5CFD891D49B47C000FCDC4 /* AppDelegate.swift */ = {isa = PBXFileReference; lastKnownFileType = sourcecode.swift; path = AppDelegate.swift; sourceTree = "<group>"; };
		DD5CFD8E1D49B47C000FCDC4 /* Base */ = {isa = PBXFileReference; lastKnownFileType = file.storyboard; name = Base; path = Base.lproj/Main.storyboard; sourceTree = "<group>"; };
		DD5CFD901D49B47C000FCDC4 /* Assets.xcassets */ = {isa = PBXFileReference; lastKnownFileType = folder.assetcatalog; path = Assets.xcassets; sourceTree = "<group>"; };
		DD5CFD931D49B47C000FCDC4 /* Base */ = {isa = PBXFileReference; lastKnownFileType = file.storyboard; name = Base; path = Base.lproj/LaunchScreen.storyboard; sourceTree = "<group>"; };
		DD5CFD951D49B47C000FCDC4 /* Info.plist */ = {isa = PBXFileReference; lastKnownFileType = text.plist.xml; path = Info.plist; sourceTree = "<group>"; };
		DD5CFD9A1D49B47C000FCDC4 /* Virtual TouristTests.xctest */ = {isa = PBXFileReference; explicitFileType = wrapper.cfbundle; includeInIndex = 0; path = "Virtual TouristTests.xctest"; sourceTree = BUILT_PRODUCTS_DIR; };
		DD5CFD9E1D49B47C000FCDC4 /* Virtual_TouristTests.swift */ = {isa = PBXFileReference; lastKnownFileType = sourcecode.swift; path = Virtual_TouristTests.swift; sourceTree = "<group>"; };
		DD5CFDA01D49B47C000FCDC4 /* Info.plist */ = {isa = PBXFileReference; lastKnownFileType = text.plist.xml; path = Info.plist; sourceTree = "<group>"; };
		DD5CFDA51D49B47C000FCDC4 /* Virtual TouristUITests.xctest */ = {isa = PBXFileReference; explicitFileType = wrapper.cfbundle; includeInIndex = 0; path = "Virtual TouristUITests.xctest"; sourceTree = BUILT_PRODUCTS_DIR; };
		DD5CFDA91D49B47C000FCDC4 /* Virtual_TouristUITests.swift */ = {isa = PBXFileReference; lastKnownFileType = sourcecode.swift; path = Virtual_TouristUITests.swift; sourceTree = "<group>"; };
		DD5CFDAB1D49B47C000FCDC4 /* Info.plist */ = {isa = PBXFileReference; lastKnownFileType = text.plist.xml; path = Info.plist; sourceTree = "<group>"; };
		DD5CFDB71D49B686000FCDC4 /* PinLocationViewController.swift */ = {isa = PBXFileReference; fileEncoding = 4; lastKnownFileType = sourcecode.swift; path = PinLocationViewController.swift; sourceTree = "<group>"; };
		DD5CFDB91D49BB3F000FCDC4 /* PhotoCollectionViewController.swift */ = {isa = PBXFileReference; fileEncoding = 4; lastKnownFileType = sourcecode.swift; path = PhotoCollectionViewController.swift; sourceTree = "<group>"; };
		DD5CFDC11D49BF3B000FCDC4 /* VirtualTourist.xcdatamodel */ = {isa = PBXFileReference; lastKnownFileType = wrapper.xcdatamodel; path = VirtualTourist.xcdatamodel; sourceTree = "<group>"; };
		DD5CFDC31D49C18A000FCDC4 /* Photo+CoreDataProperties.swift */ = {isa = PBXFileReference; fileEncoding = 4; lastKnownFileType = sourcecode.swift; path = "Photo+CoreDataProperties.swift"; sourceTree = "<group>"; };
		DD5CFDC41D49C18A000FCDC4 /* Photo.swift */ = {isa = PBXFileReference; fileEncoding = 4; lastKnownFileType = sourcecode.swift; path = Photo.swift; sourceTree = "<group>"; };
		DD5CFDC51D49C18A000FCDC4 /* Pin+CoreDataProperties.swift */ = {isa = PBXFileReference; fileEncoding = 4; lastKnownFileType = sourcecode.swift; path = "Pin+CoreDataProperties.swift"; sourceTree = "<group>"; };
		DD5CFDC61D49C18A000FCDC4 /* Pin.swift */ = {isa = PBXFileReference; fileEncoding = 4; lastKnownFileType = sourcecode.swift; path = Pin.swift; sourceTree = "<group>"; };
		DD5CFDCB1D49C4A3000FCDC4 /* CoreDataStack.swift */ = {isa = PBXFileReference; fileEncoding = 4; lastKnownFileType = sourcecode.swift; path = CoreDataStack.swift; sourceTree = "<group>"; };
		DD6205BD1D4F15CF00CE410C /* PhotoCollectionViewCell.swift */ = {isa = PBXFileReference; fileEncoding = 4; lastKnownFileType = sourcecode.swift; path = PhotoCollectionViewCell.swift; sourceTree = "<group>"; };
		DDE01FD21D5708B200B124E8 /* AlertView.swift */ = {isa = PBXFileReference; fileEncoding = 4; lastKnownFileType = sourcecode.swift; name = AlertView.swift; path = ../AlertView.swift; sourceTree = "<group>"; };
/* End PBXFileReference section */

/* Begin PBXFrameworksBuildPhase section */
		DD5CFD831D49B47C000FCDC4 /* Frameworks */ = {
			isa = PBXFrameworksBuildPhase;
			buildActionMask = 2147483647;
			files = (
			);
			runOnlyForDeploymentPostprocessing = 0;
		};
		DD5CFD971D49B47C000FCDC4 /* Frameworks */ = {
			isa = PBXFrameworksBuildPhase;
			buildActionMask = 2147483647;
			files = (
			);
			runOnlyForDeploymentPostprocessing = 0;
		};
		DD5CFDA21D49B47C000FCDC4 /* Frameworks */ = {
			isa = PBXFrameworksBuildPhase;
			buildActionMask = 2147483647;
			files = (
			);
			runOnlyForDeploymentPostprocessing = 0;
		};
/* End PBXFrameworksBuildPhase section */

/* Begin PBXGroup section */
		DD5CFD7D1D49B47B000FCDC4 = {
			isa = PBXGroup;
			children = (
				DD5CFD881D49B47C000FCDC4 /* Virtual Tourist */,
				DD5CFD9D1D49B47C000FCDC4 /* Virtual TouristTests */,
				DD5CFDA81D49B47C000FCDC4 /* Virtual TouristUITests */,
				DD5CFD871D49B47C000FCDC4 /* Products */,
			);
			sourceTree = "<group>";
		};
		DD5CFD871D49B47C000FCDC4 /* Products */ = {
			isa = PBXGroup;
			children = (
				DD5CFD861D49B47C000FCDC4 /* Virtual Tourist.app */,
				DD5CFD9A1D49B47C000FCDC4 /* Virtual TouristTests.xctest */,
				DD5CFDA51D49B47C000FCDC4 /* Virtual TouristUITests.xctest */,
			);
			name = Products;
			sourceTree = "<group>";
		};
		DD5CFD881D49B47C000FCDC4 /* Virtual Tourist */ = {
			isa = PBXGroup;
			children = (
				DD5CFDBF1D49BCF5000FCDC4 /* Model */,
				DD5CFDBB1D49BB67000FCDC4 /* Controller */,
				DD5CFD891D49B47C000FCDC4 /* AppDelegate.swift */,
				DDE01FD21D5708B200B124E8 /* AlertView.swift */,
				DD5CFD8D1D49B47C000FCDC4 /* Main.storyboard */,
				DD5CFD901D49B47C000FCDC4 /* Assets.xcassets */,
				DD5CFD921D49B47C000FCDC4 /* LaunchScreen.storyboard */,
				DD5CFD951D49B47C000FCDC4 /* Info.plist */,
			);
			path = "Virtual Tourist";
			sourceTree = "<group>";
		};
		DD5CFD9D1D49B47C000FCDC4 /* Virtual TouristTests */ = {
			isa = PBXGroup;
			children = (
				DD5CFD9E1D49B47C000FCDC4 /* Virtual_TouristTests.swift */,
				DD5CFDA01D49B47C000FCDC4 /* Info.plist */,
			);
			path = "Virtual TouristTests";
			sourceTree = "<group>";
		};
		DD5CFDA81D49B47C000FCDC4 /* Virtual TouristUITests */ = {
			isa = PBXGroup;
			children = (
				DD5CFDA91D49B47C000FCDC4 /* Virtual_TouristUITests.swift */,
				DD5CFDAB1D49B47C000FCDC4 /* Info.plist */,
			);
			path = "Virtual TouristUITests";
			sourceTree = "<group>";
		};
		DD5CFDBB1D49BB67000FCDC4 /* Controller */ = {
			isa = PBXGroup;
			children = (
				DD5CFDB71D49B686000FCDC4 /* PinLocationViewController.swift */,
				DD5CFDB91D49BB3F000FCDC4 /* PhotoCollectionViewController.swift */,
				DD6205BD1D4F15CF00CE410C /* PhotoCollectionViewCell.swift */,
			);
			name = Controller;
			sourceTree = "<group>";
		};
		DD5CFDBF1D49BCF5000FCDC4 /* Model */ = {
			isa = PBXGroup;
			children = (
				DD25298F1D4C55370084256A /* FlickrClient.swift */,
				DD494F351D4C7586002D618C /* FlickrConvinience.swift */,
				DD2529911D4C564A0084256A /* Constants.swift */,
				DD5CFDCB1D49C4A3000FCDC4 /* CoreDataStack.swift */,
				DD5CFDC31D49C18A000FCDC4 /* Photo+CoreDataProperties.swift */,
				DD5CFDC41D49C18A000FCDC4 /* Photo.swift */,
				DD5CFDC51D49C18A000FCDC4 /* Pin+CoreDataProperties.swift */,
				DD5CFDC61D49C18A000FCDC4 /* Pin.swift */,
				DD5CFDC01D49BF3B000FCDC4 /* VirtualTourist.xcdatamodeld */,
			);
			name = Model;
			sourceTree = "<group>";
		};
/* End PBXGroup section */

/* Begin PBXNativeTarget section */
		DD5CFD851D49B47C000FCDC4 /* Virtual Tourist */ = {
			isa = PBXNativeTarget;
			buildConfigurationList = DD5CFDAE1D49B47C000FCDC4 /* Build configuration list for PBXNativeTarget "Virtual Tourist" */;
			buildPhases = (
				DD5CFD821D49B47C000FCDC4 /* Sources */,
				DD5CFD831D49B47C000FCDC4 /* Frameworks */,
				DD5CFD841D49B47C000FCDC4 /* Resources */,
			);
			buildRules = (
			);
			dependencies = (
			);
			name = "Virtual Tourist";
			productName = "Virtual Tourist";
			productReference = DD5CFD861D49B47C000FCDC4 /* Virtual Tourist.app */;
			productType = "com.apple.product-type.application";
		};
		DD5CFD991D49B47C000FCDC4 /* Virtual TouristTests */ = {
			isa = PBXNativeTarget;
			buildConfigurationList = DD5CFDB11D49B47C000FCDC4 /* Build configuration list for PBXNativeTarget "Virtual TouristTests" */;
			buildPhases = (
				DD5CFD961D49B47C000FCDC4 /* Sources */,
				DD5CFD971D49B47C000FCDC4 /* Frameworks */,
				DD5CFD981D49B47C000FCDC4 /* Resources */,
			);
			buildRules = (
			);
			dependencies = (
				DD5CFD9C1D49B47C000FCDC4 /* PBXTargetDependency */,
			);
			name = "Virtual TouristTests";
			productName = "Virtual TouristTests";
			productReference = DD5CFD9A1D49B47C000FCDC4 /* Virtual TouristTests.xctest */;
			productType = "com.apple.product-type.bundle.unit-test";
		};
		DD5CFDA41D49B47C000FCDC4 /* Virtual TouristUITests */ = {
			isa = PBXNativeTarget;
			buildConfigurationList = DD5CFDB41D49B47C000FCDC4 /* Build configuration list for PBXNativeTarget "Virtual TouristUITests" */;
			buildPhases = (
				DD5CFDA11D49B47C000FCDC4 /* Sources */,
				DD5CFDA21D49B47C000FCDC4 /* Frameworks */,
				DD5CFDA31D49B47C000FCDC4 /* Resources */,
			);
			buildRules = (
			);
			dependencies = (
				DD5CFDA71D49B47C000FCDC4 /* PBXTargetDependency */,
			);
			name = "Virtual TouristUITests";
			productName = "Virtual TouristUITests";
			productReference = DD5CFDA51D49B47C000FCDC4 /* Virtual TouristUITests.xctest */;
			productType = "com.apple.product-type.bundle.ui-testing";
		};
/* End PBXNativeTarget section */

/* Begin PBXProject section */
		DD5CFD7E1D49B47B000FCDC4 /* Project object */ = {
			isa = PBXProject;
			attributes = {
				LastSwiftUpdateCheck = 0730;
				LastUpgradeCheck = 0730;
				ORGANIZATIONNAME = "Ramiro H. Lopez";
				TargetAttributes = {
					DD5CFD851D49B47C000FCDC4 = {
						CreatedOnToolsVersion = 7.3.1;
						DevelopmentTeam = 7C7E58NWQY;
					};
					DD5CFD991D49B47C000FCDC4 = {
						CreatedOnToolsVersion = 7.3.1;
						TestTargetID = DD5CFD851D49B47C000FCDC4;
					};
					DD5CFDA41D49B47C000FCDC4 = {
						CreatedOnToolsVersion = 7.3.1;
						TestTargetID = DD5CFD851D49B47C000FCDC4;
					};
				};
			};
			buildConfigurationList = DD5CFD811D49B47B000FCDC4 /* Build configuration list for PBXProject "Virtual Tourist" */;
			compatibilityVersion = "Xcode 3.2";
			developmentRegion = English;
			hasScannedForEncodings = 0;
			knownRegions = (
				en,
				Base,
			);
			mainGroup = DD5CFD7D1D49B47B000FCDC4;
			productRefGroup = DD5CFD871D49B47C000FCDC4 /* Products */;
			projectDirPath = "";
			projectRoot = "";
			targets = (
				DD5CFD851D49B47C000FCDC4 /* Virtual Tourist */,
				DD5CFD991D49B47C000FCDC4 /* Virtual TouristTests */,
				DD5CFDA41D49B47C000FCDC4 /* Virtual TouristUITests */,
			);
		};
/* End PBXProject section */

/* Begin PBXResourcesBuildPhase section */
		DD5CFD841D49B47C000FCDC4 /* Resources */ = {
			isa = PBXResourcesBuildPhase;
			buildActionMask = 2147483647;
			files = (
				DD5CFD941D49B47C000FCDC4 /* LaunchScreen.storyboard in Resources */,
				DD5CFD911D49B47C000FCDC4 /* Assets.xcassets in Resources */,
				DD5CFD8F1D49B47C000FCDC4 /* Main.storyboard in Resources */,
			);
			runOnlyForDeploymentPostprocessing = 0;
		};
		DD5CFD981D49B47C000FCDC4 /* Resources */ = {
			isa = PBXResourcesBuildPhase;
			buildActionMask = 2147483647;
			files = (
			);
			runOnlyForDeploymentPostprocessing = 0;
		};
		DD5CFDA31D49B47C000FCDC4 /* Resources */ = {
			isa = PBXResourcesBuildPhase;
			buildActionMask = 2147483647;
			files = (
			);
			runOnlyForDeploymentPostprocessing = 0;
		};
/* End PBXResourcesBuildPhase section */

/* Begin PBXSourcesBuildPhase section */
		DD5CFD821D49B47C000FCDC4 /* Sources */ = {
			isa = PBXSourcesBuildPhase;
			buildActionMask = 2147483647;
			files = (
				DD5CFDC81D49C18A000FCDC4 /* Photo.swift in Sources */,
				DD6205BE1D4F15D000CE410C /* PhotoCollectionViewCell.swift in Sources */,
				DD2529921D4C564A0084256A /* Constants.swift in Sources */,
				DD2529901D4C55370084256A /* FlickrClient.swift in Sources */,
				DD5CFDC21D49BF3B000FCDC4 /* VirtualTourist.xcdatamodeld in Sources */,
				DD5CFD8A1D49B47C000FCDC4 /* AppDelegate.swift in Sources */,
				DD5CFDCC1D49C4A3000FCDC4 /* CoreDataStack.swift in Sources */,
				DD5CFDCA1D49C18A000FCDC4 /* Pin.swift in Sources */,
				DD5CFDC91D49C18A000FCDC4 /* Pin+CoreDataProperties.swift in Sources */,
				DDE01FD31D5708B200B124E8 /* AlertView.swift in Sources */,
				DD5CFDB81D49B686000FCDC4 /* PinLocationViewController.swift in Sources */,
				DD5CFDC71D49C18A000FCDC4 /* Photo+CoreDataProperties.swift in Sources */,
				DD494F361D4C7586002D618C /* FlickrConvinience.swift in Sources */,
				DD5CFDBA1D49BB3F000FCDC4 /* PhotoCollectionViewController.swift in Sources */,
			);
			runOnlyForDeploymentPostprocessing = 0;
		};
		DD5CFD961D49B47C000FCDC4 /* Sources */ = {
			isa = PBXSourcesBuildPhase;
			buildActionMask = 2147483647;
			files = (
				DD5CFD9F1D49B47C000FCDC4 /* Virtual_TouristTests.swift in Sources */,
			);
			runOnlyForDeploymentPostprocessing = 0;
		};
		DD5CFDA11D49B47C000FCDC4 /* Sources */ = {
			isa = PBXSourcesBuildPhase;
			buildActionMask = 2147483647;
			files = (
				DD5CFDAA1D49B47C000FCDC4 /* Virtual_TouristUITests.swift in Sources */,
			);
			runOnlyForDeploymentPostprocessing = 0;
		};
/* End PBXSourcesBuildPhase section */

/* Begin PBXTargetDependency section */
		DD5CFD9C1D49B47C000FCDC4 /* PBXTargetDependency */ = {
			isa = PBXTargetDependency;
			target = DD5CFD851D49B47C000FCDC4 /* Virtual Tourist */;
			targetProxy = DD5CFD9B1D49B47C000FCDC4 /* PBXContainerItemProxy */;
		};
		DD5CFDA71D49B47C000FCDC4 /* PBXTargetDependency */ = {
			isa = PBXTargetDependency;
			target = DD5CFD851D49B47C000FCDC4 /* Virtual Tourist */;
			targetProxy = DD5CFDA61D49B47C000FCDC4 /* PBXContainerItemProxy */;
		};
/* End PBXTargetDependency section */

/* Begin PBXVariantGroup section */
		DD5CFD8D1D49B47C000FCDC4 /* Main.storyboard */ = {
			isa = PBXVariantGroup;
			children = (
				DD5CFD8E1D49B47C000FCDC4 /* Base */,
			);
			name = Main.storyboard;
			sourceTree = "<group>";
		};
		DD5CFD921D49B47C000FCDC4 /* LaunchScreen.storyboard */ = {
			isa = PBXVariantGroup;
			children = (
				DD5CFD931D49B47C000FCDC4 /* Base */,
			);
			name = LaunchScreen.storyboard;
			sourceTree = "<group>";
		};
/* End PBXVariantGroup section */

/* Begin XCBuildConfiguration section */
		DD5CFDAC1D49B47C000FCDC4 /* Debug */ = {
			isa = XCBuildConfiguration;
			buildSettings = {
				ALWAYS_SEARCH_USER_PATHS = NO;
				CLANG_ANALYZER_NONNULL = YES;
				CLANG_CXX_LANGUAGE_STANDARD = "gnu++0x";
				CLANG_CXX_LIBRARY = "libc++";
				CLANG_ENABLE_MODULES = YES;
				CLANG_ENABLE_OBJC_ARC = YES;
				CLANG_WARN_BOOL_CONVERSION = YES;
				CLANG_WARN_CONSTANT_CONVERSION = YES;
				CLANG_WARN_DIRECT_OBJC_ISA_USAGE = YES_ERROR;
				CLANG_WARN_EMPTY_BODY = YES;
				CLANG_WARN_ENUM_CONVERSION = YES;
				CLANG_WARN_INT_CONVERSION = YES;
				CLANG_WARN_OBJC_ROOT_CLASS = YES_ERROR;
				CLANG_WARN_UNREACHABLE_CODE = YES;
				CLANG_WARN__DUPLICATE_METHOD_MATCH = YES;
				"CODE_SIGN_IDENTITY[sdk=iphoneos*]" = "iPhone Developer";
				COPY_PHASE_STRIP = NO;
				DEBUG_INFORMATION_FORMAT = dwarf;
				ENABLE_STRICT_OBJC_MSGSEND = YES;
				ENABLE_TESTABILITY = YES;
				GCC_C_LANGUAGE_STANDARD = gnu99;
				GCC_DYNAMIC_NO_PIC = NO;
				GCC_NO_COMMON_BLOCKS = YES;
				GCC_OPTIMIZATION_LEVEL = 0;
				GCC_PREPROCESSOR_DEFINITIONS = (
					"DEBUG=1",
					"$(inherited)",
				);
				GCC_WARN_64_TO_32_BIT_CONVERSION = YES;
				GCC_WARN_ABOUT_RETURN_TYPE = YES_ERROR;
				GCC_WARN_UNDECLARED_SELECTOR = YES;
				GCC_WARN_UNINITIALIZED_AUTOS = YES_AGGRESSIVE;
				GCC_WARN_UNUSED_FUNCTION = YES;
				GCC_WARN_UNUSED_VARIABLE = YES;
				IPHONEOS_DEPLOYMENT_TARGET = 9.3;
				MTL_ENABLE_DEBUG_INFO = YES;
				ONLY_ACTIVE_ARCH = YES;
				SDKROOT = iphoneos;
				SWIFT_OPTIMIZATION_LEVEL = "-Onone";
				TARGETED_DEVICE_FAMILY = "1,2";
			};
			name = Debug;
		};
		DD5CFDAD1D49B47C000FCDC4 /* Release */ = {
			isa = XCBuildConfiguration;
			buildSettings = {
				ALWAYS_SEARCH_USER_PATHS = NO;
				CLANG_ANALYZER_NONNULL = YES;
				CLANG_CXX_LANGUAGE_STANDARD = "gnu++0x";
				CLANG_CXX_LIBRARY = "libc++";
				CLANG_ENABLE_MODULES = YES;
				CLANG_ENABLE_OBJC_ARC = YES;
				CLANG_WARN_BOOL_CONVERSION = YES;
				CLANG_WARN_CONSTANT_CONVERSION = YES;
				CLANG_WARN_DIRECT_OBJC_ISA_USAGE = YES_ERROR;
				CLANG_WARN_EMPTY_BODY = YES;
				CLANG_WARN_ENUM_CONVERSION = YES;
				CLANG_WARN_INT_CONVERSION = YES;
				CLANG_WARN_OBJC_ROOT_CLASS = YES_ERROR;
				CLANG_WARN_UNREACHABLE_CODE = YES;
				CLANG_WARN__DUPLICATE_METHOD_MATCH = YES;
				"CODE_SIGN_IDENTITY[sdk=iphoneos*]" = "iPhone Developer";
				COPY_PHASE_STRIP = NO;
				DEBUG_INFORMATION_FORMAT = "dwarf-with-dsym";
				ENABLE_NS_ASSERTIONS = NO;
				ENABLE_STRICT_OBJC_MSGSEND = YES;
				GCC_C_LANGUAGE_STANDARD = gnu99;
				GCC_NO_COMMON_BLOCKS = YES;
				GCC_WARN_64_TO_32_BIT_CONVERSION = YES;
				GCC_WARN_ABOUT_RETURN_TYPE = YES_ERROR;
				GCC_WARN_UNDECLARED_SELECTOR = YES;
				GCC_WARN_UNINITIALIZED_AUTOS = YES_AGGRESSIVE;
				GCC_WARN_UNUSED_FUNCTION = YES;
				GCC_WARN_UNUSED_VARIABLE = YES;
				IPHONEOS_DEPLOYMENT_TARGET = 9.3;
				MTL_ENABLE_DEBUG_INFO = NO;
				SDKROOT = iphoneos;
				TARGETED_DEVICE_FAMILY = "1,2";
				VALIDATE_PRODUCT = YES;
			};
			name = Release;
		};
		DD5CFDAF1D49B47C000FCDC4 /* Debug */ = {
			isa = XCBuildConfiguration;
			buildSettings = {
				ASSETCATALOG_COMPILER_APPICON_NAME = AppIcon;
				CODE_SIGN_IDENTITY = "iPhone Developer";
				"CODE_SIGN_IDENTITY[sdk=iphoneos*]" = "iPhone Developer";
				INFOPLIST_FILE = "Virtual Tourist/Info.plist";
				LD_RUNPATH_SEARCH_PATHS = "$(inherited) @executable_path/Frameworks";
				PRODUCT_BUNDLE_IDENTIFIER = "RhL.Virtual-Tourist";
				PRODUCT_NAME = "$(TARGET_NAME)";
				PROVISIONING_PROFILE = "";
				TARGETED_DEVICE_FAMILY = 1;
			};
			name = Debug;
		};
		DD5CFDB01D49B47C000FCDC4 /* Release */ = {
			isa = XCBuildConfiguration;
			buildSettings = {
				ASSETCATALOG_COMPILER_APPICON_NAME = AppIcon;
				CODE_SIGN_IDENTITY = "iPhone Developer";
				"CODE_SIGN_IDENTITY[sdk=iphoneos*]" = "iPhone Developer";
				INFOPLIST_FILE = "Virtual Tourist/Info.plist";
				LD_RUNPATH_SEARCH_PATHS = "$(inherited) @executable_path/Frameworks";
				PRODUCT_BUNDLE_IDENTIFIER = "RhL.Virtual-Tourist";
				PRODUCT_NAME = "$(TARGET_NAME)";
				PROVISIONING_PROFILE = "";
				TARGETED_DEVICE_FAMILY = 1;
			};
			name = Release;
		};
		DD5CFDB21D49B47C000FCDC4 /* Debug */ = {
			isa = XCBuildConfiguration;
			buildSettings = {
				BUNDLE_LOADER = "$(TEST_HOST)";
				INFOPLIST_FILE = "Virtual TouristTests/Info.plist";
				LD_RUNPATH_SEARCH_PATHS = "$(inherited) @executable_path/Frameworks @loader_path/Frameworks";
				PRODUCT_BUNDLE_IDENTIFIER = "RhL.Virtual-TouristTests";
				PRODUCT_NAME = "$(TARGET_NAME)";
				TEST_HOST = "$(BUILT_PRODUCTS_DIR)/Virtual Tourist.app/Virtual Tourist";
			};
			name = Debug;
		};
		DD5CFDB31D49B47C000FCDC4 /* Release */ = {
			isa = XCBuildConfiguration;
			buildSettings = {
				BUNDLE_LOADER = "$(TEST_HOST)";
				INFOPLIST_FILE = "Virtual TouristTests/Info.plist";
				LD_RUNPATH_SEARCH_PATHS = "$(inherited) @executable_path/Frameworks @loader_path/Frameworks";
				PRODUCT_BUNDLE_IDENTIFIER = "RhL.Virtual-TouristTests";
				PRODUCT_NAME = "$(TARGET_NAME)";
				TEST_HOST = "$(BUILT_PRODUCTS_DIR)/Virtual Tourist.app/Virtual Tourist";
			};
			name = Release;
		};
		DD5CFDB51D49B47C000FCDC4 /* Debug */ = {
			isa = XCBuildConfiguration;
			buildSettings = {
				INFOPLIST_FILE = "Virtual TouristUITests/Info.plist";
				LD_RUNPATH_SEARCH_PATHS = "$(inherited) @executable_path/Frameworks @loader_path/Frameworks";
				PRODUCT_BUNDLE_IDENTIFIER = "RhL.Virtual-TouristUITests";
				PRODUCT_NAME = "$(TARGET_NAME)";
				TEST_TARGET_NAME = "Virtual Tourist";
			};
			name = Debug;
		};
		DD5CFDB61D49B47C000FCDC4 /* Release */ = {
			isa = XCBuildConfiguration;
			buildSettings = {
				INFOPLIST_FILE = "Virtual TouristUITests/Info.plist";
				LD_RUNPATH_SEARCH_PATHS = "$(inherited) @executable_path/Frameworks @loader_path/Frameworks";
				PRODUCT_BUNDLE_IDENTIFIER = "RhL.Virtual-TouristUITests";
				PRODUCT_NAME = "$(TARGET_NAME)";
				TEST_TARGET_NAME = "Virtual Tourist";
			};
			name = Release;
		};
/* End XCBuildConfiguration section */

/* Begin XCConfigurationList section */
		DD5CFD811D49B47B000FCDC4 /* Build configuration list for PBXProject "Virtual Tourist" */ = {
			isa = XCConfigurationList;
			buildConfigurations = (
				DD5CFDAC1D49B47C000FCDC4 /* Debug */,
				DD5CFDAD1D49B47C000FCDC4 /* Release */,
			);
			defaultConfigurationIsVisible = 0;
			defaultConfigurationName = Release;
		};
		DD5CFDAE1D49B47C000FCDC4 /* Build configuration list for PBXNativeTarget "Virtual Tourist" */ = {
			isa = XCConfigurationList;
			buildConfigurations = (
				DD5CFDAF1D49B47C000FCDC4 /* Debug */,
				DD5CFDB01D49B47C000FCDC4 /* Release */,
			);
			defaultConfigurationIsVisible = 0;
			defaultConfigurationName = Release;
		};
		DD5CFDB11D49B47C000FCDC4 /* Build configuration list for PBXNativeTarget "Virtual TouristTests" */ = {
			isa = XCConfigurationList;
			buildConfigurations = (
				DD5CFDB21D49B47C000FCDC4 /* Debug */,
				DD5CFDB31D49B47C000FCDC4 /* Release */,
			);
			defaultConfigurationIsVisible = 0;
			defaultConfigurationName = Release;
		};
		DD5CFDB41D49B47C000FCDC4 /* Build configuration list for PBXNativeTarget "Virtual TouristUITests" */ = {
			isa = XCConfigurationList;
			buildConfigurations = (
				DD5CFDB51D49B47C000FCDC4 /* Debug */,
				DD5CFDB61D49B47C000FCDC4 /* Release */,
			);
			defaultConfigurationIsVisible = 0;
			defaultConfigurationName = Release;
		};
/* End XCConfigurationList section */

/* Begin XCVersionGroup section */
		DD5CFDC01D49BF3B000FCDC4 /* VirtualTourist.xcdatamodeld */ = {
			isa = XCVersionGroup;
			children = (
				DD5CFDC11D49BF3B000FCDC4 /* VirtualTourist.xcdatamodel */,
			);
			currentVersion = DD5CFDC11D49BF3B000FCDC4 /* VirtualTourist.xcdatamodel */;
			path = VirtualTourist.xcdatamodeld;
			sourceTree = "<group>";
			versionGroupType = wrapper.xcdatamodel;
		};
/* End XCVersionGroup section */
	};
	rootObject = DD5CFD7E1D49B47B000FCDC4 /* Project object */;
}
